// !$*UTF8*$!
{
	archiveVersion = 1;
	classes = {
	};
	objectVersion = 55;
	objects = {

/* Begin PBXBuildFile section */
		48613BE5280FDF6100512B1A /* 04.jpg in Resources */ = {isa = PBXBuildFile; fileRef = 48613BDF280FDF5A00512B1A /* 04.jpg */; };
		48613BE6280FDF6100512B1A /* 05.jpg in Resources */ = {isa = PBXBuildFile; fileRef = 48613BE0280FDF5B00512B1A /* 05.jpg */; };
		48613BE7280FDF6100512B1A /* 03.jpg in Resources */ = {isa = PBXBuildFile; fileRef = 48613BE1280FDF5C00512B1A /* 03.jpg */; };
		48613BE8280FDF6100512B1A /* 01.jpg in Resources */ = {isa = PBXBuildFile; fileRef = 48613BE2280FDF5F00512B1A /* 01.jpg */; };
		48613BE9280FDF6100512B1A /* 02.jpg in Resources */ = {isa = PBXBuildFile; fileRef = 48613BE3280FDF6100512B1A /* 02.jpg */; };
		48613BEA280FDF6100512B1A /* 06.jpg in Resources */ = {isa = PBXBuildFile; fileRef = 48613BE4280FDF6100512B1A /* 06.jpg */; };
		486345E92806B364009846EF /* AppDelegate.swift in Sources */ = {isa = PBXBuildFile; fileRef = 486345E82806B364009846EF /* AppDelegate.swift */; };
		486345EB2806B364009846EF /* SceneDelegate.swift in Sources */ = {isa = PBXBuildFile; fileRef = 486345EA2806B364009846EF /* SceneDelegate.swift */; };
		486345ED2806B364009846EF /* ViewController.swift in Sources */ = {isa = PBXBuildFile; fileRef = 486345EC2806B364009846EF /* ViewController.swift */; };
		486345F02806B364009846EF /* Main.storyboard in Resources */ = {isa = PBXBuildFile; fileRef = 486345EE2806B364009846EF /* Main.storyboard */; };
		486345F32806B364009846EF /* C7_CoreData.xcdatamodeld in Sources */ = {isa = PBXBuildFile; fileRef = 486345F12806B364009846EF /* C7_CoreData.xcdatamodeld */; };
		486345F52806B366009846EF /* Assets.xcassets in Resources */ = {isa = PBXBuildFile; fileRef = 486345F42806B366009846EF /* Assets.xcassets */; };
		486345F82806B366009846EF /* LaunchScreen.storyboard in Resources */ = {isa = PBXBuildFile; fileRef = 486345F62806B366009846EF /* LaunchScreen.storyboard */; };
		4863460B2806BAA9009846EF /* Car+CoreDataClass.swift in Sources */ = {isa = PBXBuildFile; fileRef = 486346072806BAA9009846EF /* Car+CoreDataClass.swift */; };
		4863460C2806BAA9009846EF /* Car+CoreDataProperties.swift in Sources */ = {isa = PBXBuildFile; fileRef = 486346082806BAA9009846EF /* Car+CoreDataProperties.swift */; };
		4863460D2806BAA9009846EF /* UserData+CoreDataClass.swift in Sources */ = {isa = PBXBuildFile; fileRef = 486346092806BAA9009846EF /* UserData+CoreDataClass.swift */; };
		4863460E2806BAA9009846EF /* UserData+CoreDataProperties.swift in Sources */ = {isa = PBXBuildFile; fileRef = 4863460A2806BAA9009846EF /* UserData+CoreDataProperties.swift */; };
/* End PBXBuildFile section */

/* Begin PBXFileReference section */
		48613BDF280FDF5A00512B1A /* 04.jpg */ = {isa = PBXFileReference; lastKnownFileType = image.jpeg; path = 04.jpg; sourceTree = "<group>"; };
		48613BE0280FDF5B00512B1A /* 05.jpg */ = {isa = PBXFileReference; lastKnownFileType = image.jpeg; path = 05.jpg; sourceTree = "<group>"; };
		48613BE1280FDF5C00512B1A /* 03.jpg */ = {isa = PBXFileReference; lastKnownFileType = image.jpeg; path = 03.jpg; sourceTree = "<group>"; };
		48613BE2280FDF5F00512B1A /* 01.jpg */ = {isa = PBXFileReference; lastKnownFileType = image.jpeg; path = 01.jpg; sourceTree = "<group>"; };
		48613BE3280FDF6100512B1A /* 02.jpg */ = {isa = PBXFileReference; lastKnownFileType = image.jpeg; path = 02.jpg; sourceTree = "<group>"; };
		48613BE4280FDF6100512B1A /* 06.jpg */ = {isa = PBXFileReference; lastKnownFileType = image.jpeg; path = 06.jpg; sourceTree = "<group>"; };
		486345E52806B364009846EF /* C7_CoreData.app */ = {isa = PBXFileReference; explicitFileType = wrapper.application; includeInIndex = 0; path = C7_CoreData.app; sourceTree = BUILT_PRODUCTS_DIR; };
		486345E82806B364009846EF /* AppDelegate.swift */ = {isa = PBXFileReference; lastKnownFileType = sourcecode.swift; path = AppDelegate.swift; sourceTree = "<group>"; };
		486345EA2806B364009846EF /* SceneDelegate.swift */ = {isa = PBXFileReference; lastKnownFileType = sourcecode.swift; path = SceneDelegate.swift; sourceTree = "<group>"; };
		486345EC2806B364009846EF /* ViewController.swift */ = {isa = PBXFileReference; lastKnownFileType = sourcecode.swift; path = ViewController.swift; sourceTree = "<group>"; };
		486345EF2806B364009846EF /* Base */ = {isa = PBXFileReference; lastKnownFileType = file.storyboard; name = Base; path = Base.lproj/Main.storyboard; sourceTree = "<group>"; };
		486345F22806B364009846EF /* C7_CoreData.xcdatamodel */ = {isa = PBXFileReference; lastKnownFileType = wrapper.xcdatamodel; path = C7_CoreData.xcdatamodel; sourceTree = "<group>"; };
		486345F42806B366009846EF /* Assets.xcassets */ = {isa = PBXFileReference; lastKnownFileType = folder.assetcatalog; path = Assets.xcassets; sourceTree = "<group>"; };
		486345F72806B366009846EF /* Base */ = {isa = PBXFileReference; lastKnownFileType = file.storyboard; name = Base; path = Base.lproj/LaunchScreen.storyboard; sourceTree = "<group>"; };
		486345F92806B366009846EF /* Info.plist */ = {isa = PBXFileReference; lastKnownFileType = text.plist.xml; path = Info.plist; sourceTree = "<group>"; };
		486346072806BAA9009846EF /* Car+CoreDataClass.swift */ = {isa = PBXFileReference; lastKnownFileType = sourcecode.swift; path = "Car+CoreDataClass.swift"; sourceTree = "<group>"; };
		486346082806BAA9009846EF /* Car+CoreDataProperties.swift */ = {isa = PBXFileReference; lastKnownFileType = sourcecode.swift; path = "Car+CoreDataProperties.swift"; sourceTree = "<group>"; };
		486346092806BAA9009846EF /* UserData+CoreDataClass.swift */ = {isa = PBXFileReference; lastKnownFileType = sourcecode.swift; path = "UserData+CoreDataClass.swift"; sourceTree = "<group>"; };
		4863460A2806BAA9009846EF /* UserData+CoreDataProperties.swift */ = {isa = PBXFileReference; lastKnownFileType = sourcecode.swift; path = "UserData+CoreDataProperties.swift"; sourceTree = "<group>"; };
/* End PBXFileReference section */

/* Begin PBXFrameworksBuildPhase section */
		486345E22806B364009846EF /* Frameworks */ = {
			isa = PBXFrameworksBuildPhase;
			buildActionMask = 2147483647;
			files = (
			);
			runOnlyForDeploymentPostprocessing = 0;
		};
/* End PBXFrameworksBuildPhase section */

/* Begin PBXGroup section */
		486345DC2806B364009846EF = {
			isa = PBXGroup;
			children = (
				486346072806BAA9009846EF /* Car+CoreDataClass.swift */,
				486346082806BAA9009846EF /* Car+CoreDataProperties.swift */,
				486346092806BAA9009846EF /* UserData+CoreDataClass.swift */,
				4863460A2806BAA9009846EF /* UserData+CoreDataProperties.swift */,
				486345E72806B364009846EF /* C7_CoreData */,
				486345E62806B364009846EF /* Products */,
			);
			sourceTree = "<group>";
		};
		486345E62806B364009846EF /* Products */ = {
			isa = PBXGroup;
			children = (
				486345E52806B364009846EF /* C7_CoreData.app */,
			);
			name = Products;
			sourceTree = "<group>";
		};
		486345E72806B364009846EF /* C7_CoreData */ = {
			isa = PBXGroup;
			children = (
				48613BE2280FDF5F00512B1A /* 01.jpg */,
				48613BE3280FDF6100512B1A /* 02.jpg */,
				48613BE1280FDF5C00512B1A /* 03.jpg */,
				48613BDF280FDF5A00512B1A /* 04.jpg */,
				48613BE0280FDF5B00512B1A /* 05.jpg */,
				48613BE4280FDF6100512B1A /* 06.jpg */,
				486345E82806B364009846EF /* AppDelegate.swift */,
				486345EA2806B364009846EF /* SceneDelegate.swift */,
				486345EC2806B364009846EF /* ViewController.swift */,
				486345EE2806B364009846EF /* Main.storyboard */,
				486345F42806B366009846EF /* Assets.xcassets */,
				486345F62806B366009846EF /* LaunchScreen.storyboard */,
				486345F92806B366009846EF /* Info.plist */,
				486345F12806B364009846EF /* C7_CoreData.xcdatamodeld */,
			);
			path = C7_CoreData;
			sourceTree = "<group>";
		};
/* End PBXGroup section */

/* Begin PBXNativeTarget section */
		486345E42806B364009846EF /* C7_CoreData */ = {
			isa = PBXNativeTarget;
			buildConfigurationList = 486345FC2806B366009846EF /* Build configuration list for PBXNativeTarget "C7_CoreData" */;
			buildPhases = (
				486345E12806B364009846EF /* Sources */,
				486345E22806B364009846EF /* Frameworks */,
				486345E32806B364009846EF /* Resources */,
			);
			buildRules = (
			);
			dependencies = (
			);
			name = C7_CoreData;
			productName = C7_CoreData;
			productReference = 486345E52806B364009846EF /* C7_CoreData.app */;
			productType = "com.apple.product-type.application";
		};
/* End PBXNativeTarget section */

/* Begin PBXProject section */
		486345DD2806B364009846EF /* Project object */ = {
			isa = PBXProject;
			attributes = {
				BuildIndependentTargetsInParallel = 1;
				LastSwiftUpdateCheck = 1320;
				LastUpgradeCheck = 1320;
				TargetAttributes = {
					486345E42806B364009846EF = {
						CreatedOnToolsVersion = 13.2.1;
					};
				};
			};
			buildConfigurationList = 486345E02806B364009846EF /* Build configuration list for PBXProject "C7_CoreData" */;
			compatibilityVersion = "Xcode 13.0";
			developmentRegion = en;
			hasScannedForEncodings = 0;
			knownRegions = (
				en,
				Base,
			);
			mainGroup = 486345DC2806B364009846EF;
			productRefGroup = 486345E62806B364009846EF /* Products */;
			projectDirPath = "";
			projectRoot = "";
			targets = (
				486345E42806B364009846EF /* C7_CoreData */,
			);
		};
/* End PBXProject section */

/* Begin PBXResourcesBuildPhase section */
		486345E32806B364009846EF /* Resources */ = {
			isa = PBXResourcesBuildPhase;
			buildActionMask = 2147483647;
			files = (
				48613BE7280FDF6100512B1A /* 03.jpg in Resources */,
				48613BE6280FDF6100512B1A /* 05.jpg in Resources */,
				486345F82806B366009846EF /* LaunchScreen.storyboard in Resources */,
				48613BEA280FDF6100512B1A /* 06.jpg in Resources */,
				48613BE5280FDF6100512B1A /* 04.jpg in Resources */,
				486345F52806B366009846EF /* Assets.xcassets in Resources */,
				486345F02806B364009846EF /* Main.storyboard in Resources */,
				48613BE8280FDF6100512B1A /* 01.jpg in Resources */,
				48613BE9280FDF6100512B1A /* 02.jpg in Resources */,
			);
			runOnlyForDeploymentPostprocessing = 0;
		};
/* End PBXResourcesBuildPhase section */

/* Begin PBXSourcesBuildPhase section */
		486345E12806B364009846EF /* Sources */ = {
			isa = PBXSourcesBuildPhase;
			buildActionMask = 2147483647;
			files = (
				4863460E2806BAA9009846EF /* UserData+CoreDataProperties.swift in Sources */,
				486345F32806B364009846EF /* C7_CoreData.xcdatamodeld in Sources */,
				486345ED2806B364009846EF /* ViewController.swift in Sources */,
				486345E92806B364009846EF /* AppDelegate.swift in Sources */,
				4863460D2806BAA9009846EF /* UserData+CoreDataClass.swift in Sources */,
				4863460B2806BAA9009846EF /* Car+CoreDataClass.swift in Sources */,
				4863460C2806BAA9009846EF /* Car+CoreDataProperties.swift in Sources */,
				486345EB2806B364009846EF /* SceneDelegate.swift in Sources */,
			);
			runOnlyForDeploymentPostprocessing = 0;
		};
/* End PBXSourcesBuildPhase section */

/* Begin PBXVariantGroup section */
		486345EE2806B364009846EF /* Main.storyboard */ = {
			isa = PBXVariantGroup;
			children = (
				486345EF2806B364009846EF /* Base */,
			);
			name = Main.storyboard;
			sourceTree = "<group>";
		};
		486345F62806B366009846EF /* LaunchScreen.storyboard */ = {
			isa = PBXVariantGroup;
			children = (
				486345F72806B366009846EF /* Base */,
			);
			name = LaunchScreen.storyboard;
			sourceTree = "<group>";
		};
/* End PBXVariantGroup section */

/* Begin XCBuildConfiguration section */
		486345FA2806B366009846EF /* Debug */ = {
			isa = XCBuildConfiguration;
			buildSettings = {
				ALWAYS_SEARCH_USER_PATHS = NO;
				CLANG_ANALYZER_NONNULL = YES;
				CLANG_ANALYZER_NUMBER_OBJECT_CONVERSION = YES_AGGRESSIVE;
				CLANG_CXX_LANGUAGE_STANDARD = "gnu++17";
				CLANG_CXX_LIBRARY = "libc++";
				CLANG_ENABLE_MODULES = YES;
				CLANG_ENABLE_OBJC_ARC = YES;
				CLANG_ENABLE_OBJC_WEAK = YES;
				CLANG_WARN_BLOCK_CAPTURE_AUTORELEASING = YES;
				CLANG_WARN_BOOL_CONVERSION = YES;
				CLANG_WARN_COMMA = YES;
				CLANG_WARN_CONSTANT_CONVERSION = YES;
				CLANG_WARN_DEPRECATED_OBJC_IMPLEMENTATIONS = YES;
				CLANG_WARN_DIRECT_OBJC_ISA_USAGE = YES_ERROR;
				CLANG_WARN_DOCUMENTATION_COMMENTS = YES;
				CLANG_WARN_EMPTY_BODY = YES;
				CLANG_WARN_ENUM_CONVERSION = YES;
				CLANG_WARN_INFINITE_RECURSION = YES;
				CLANG_WARN_INT_CONVERSION = YES;
				CLANG_WARN_NON_LITERAL_NULL_CONVERSION = YES;
				CLANG_WARN_OBJC_IMPLICIT_RETAIN_SELF = YES;
				CLANG_WARN_OBJC_LITERAL_CONVERSION = YES;
				CLANG_WARN_OBJC_ROOT_CLASS = YES_ERROR;
				CLANG_WARN_QUOTED_INCLUDE_IN_FRAMEWORK_HEADER = YES;
				CLANG_WARN_RANGE_LOOP_ANALYSIS = YES;
				CLANG_WARN_STRICT_PROTOTYPES = YES;
				CLANG_WARN_SUSPICIOUS_MOVE = YES;
				CLANG_WARN_UNGUARDED_AVAILABILITY = YES_AGGRESSIVE;
				CLANG_WARN_UNREACHABLE_CODE = YES;
				CLANG_WARN__DUPLICATE_METHOD_MATCH = YES;
				COPY_PHASE_STRIP = NO;
				DEBUG_INFORMATION_FORMAT = dwarf;
				ENABLE_STRICT_OBJC_MSGSEND = YES;
				ENABLE_TESTABILITY = YES;
				GCC_C_LANGUAGE_STANDARD = gnu11;
				GCC_DYNAMIC_NO_PIC = NO;
				GCC_NO_COMMON_BLOCKS = YES;
				GCC_OPTIMIZATION_LEVEL = 0;
				GCC_PREPROCESSOR_DEFINITIONS = (
					"DEBUG=1",
					"$(inherited)",
				);
				GCC_WARN_64_TO_32_BIT_CONVERSION = YES;
				GCC_WARN_ABOUT_RETURN_TYPE = YES_ERROR;
				GCC_WARN_UNDECLARED_SELECTOR = YES;
				GCC_WARN_UNINITIALIZED_AUTOS = YES_AGGRESSIVE;
				GCC_WARN_UNUSED_FUNCTION = YES;
				GCC_WARN_UNUSED_VARIABLE = YES;
				IPHONEOS_DEPLOYMENT_TARGET = 15.2;
				MTL_ENABLE_DEBUG_INFO = INCLUDE_SOURCE;
				MTL_FAST_MATH = YES;
				ONLY_ACTIVE_ARCH = YES;
				SDKROOT = iphoneos;
				SWIFT_ACTIVE_COMPILATION_CONDITIONS = DEBUG;
				SWIFT_OPTIMIZATION_LEVEL = "-Onone";
			};
			name = Debug;
		};
		486345FB2806B366009846EF /* Release */ = {
			isa = XCBuildConfiguration;
			buildSettings = {
				ALWAYS_SEARCH_USER_PATHS = NO;
				CLANG_ANALYZER_NONNULL = YES;
				CLANG_ANALYZER_NUMBER_OBJECT_CONVERSION = YES_AGGRESSIVE;
				CLANG_CXX_LANGUAGE_STANDARD = "gnu++17";
				CLANG_CXX_LIBRARY = "libc++";
				CLANG_ENABLE_MODULES = YES;
				CLANG_ENABLE_OBJC_ARC = YES;
				CLANG_ENABLE_OBJC_WEAK = YES;
				CLANG_WARN_BLOCK_CAPTURE_AUTORELEASING = YES;
				CLANG_WARN_BOOL_CONVERSION = YES;
				CLANG_WARN_COMMA = YES;
				CLANG_WARN_CONSTANT_CONVERSION = YES;
				CLANG_WARN_DEPRECATED_OBJC_IMPLEMENTATIONS = YES;
				CLANG_WARN_DIRECT_OBJC_ISA_USAGE = YES_ERROR;
				CLANG_WARN_DOCUMENTATION_COMMENTS = YES;
				CLANG_WARN_EMPTY_BODY = YES;
				CLANG_WARN_ENUM_CONVERSION = YES;
				CLANG_WARN_INFINITE_RECURSION = YES;
				CLANG_WARN_INT_CONVERSION = YES;
				CLANG_WARN_NON_LITERAL_NULL_CONVERSION = YES;
				CLANG_WARN_OBJC_IMPLICIT_RETAIN_SELF = YES;
				CLANG_WARN_OBJC_LITERAL_CONVERSION = YES;
				CLANG_WARN_OBJC_ROOT_CLASS = YES_ERROR;
				CLANG_WARN_QUOTED_INCLUDE_IN_FRAMEWORK_HEADER = YES;
				CLANG_WARN_RANGE_LOOP_ANALYSIS = YES;
				CLANG_WARN_STRICT_PROTOTYPES = YES;
				CLANG_WARN_SUSPICIOUS_MOVE = YES;
				CLANG_WARN_UNGUARDED_AVAILABILITY = YES_AGGRESSIVE;
				CLANG_WARN_UNREACHABLE_CODE = YES;
				CLANG_WARN__DUPLICATE_METHOD_MATCH = YES;
				COPY_PHASE_STRIP = NO;
				DEBUG_INFORMATION_FORMAT = "dwarf-with-dsym";
				ENABLE_NS_ASSERTIONS = NO;
				ENABLE_STRICT_OBJC_MSGSEND = YES;
				GCC_C_LANGUAGE_STANDARD = gnu11;
				GCC_NO_COMMON_BLOCKS = YES;
				GCC_WARN_64_TO_32_BIT_CONVERSION = YES;
				GCC_WARN_ABOUT_RETURN_TYPE = YES_ERROR;
				GCC_WARN_UNDECLARED_SELECTOR = YES;
				GCC_WARN_UNINITIALIZED_AUTOS = YES_AGGRESSIVE;
				GCC_WARN_UNUSED_FUNCTION = YES;
				GCC_WARN_UNUSED_VARIABLE = YES;
				IPHONEOS_DEPLOYMENT_TARGET = 15.2;
				MTL_ENABLE_DEBUG_INFO = NO;
				MTL_FAST_MATH = YES;
				SDKROOT = iphoneos;
				SWIFT_COMPILATION_MODE = wholemodule;
				SWIFT_OPTIMIZATION_LEVEL = "-O";
				VALIDATE_PRODUCT = YES;
			};
			name = Release;
		};
		486345FD2806B366009846EF /* Debug */ = {
			isa = XCBuildConfiguration;
			buildSettings = {
				ASSETCATALOG_COMPILER_APPICON_NAME = AppIcon;
				ASSETCATALOG_COMPILER_GLOBAL_ACCENT_COLOR_NAME = AccentColor;
				CODE_SIGN_STYLE = Automatic;
				CURRENT_PROJECT_VERSION = 1;
				DEVELOPMENT_TEAM = GS22S3LAT6;
				GENERATE_INFOPLIST_FILE = YES;
				INFOPLIST_FILE = C7_CoreData/Info.plist;
				INFOPLIST_KEY_UIApplicationSupportsIndirectInputEvents = YES;
				INFOPLIST_KEY_UILaunchStoryboardName = LaunchScreen;
				INFOPLIST_KEY_UIMainStoryboardFile = Main;
				INFOPLIST_KEY_UISupportedInterfaceOrientations_iPad = "UIInterfaceOrientationPortrait UIInterfaceOrientationPortraitUpsideDown UIInterfaceOrientationLandscapeLeft UIInterfaceOrientationLandscapeRight";
				INFOPLIST_KEY_UISupportedInterfaceOrientations_iPhone = "UIInterfaceOrientationPortrait UIInterfaceOrientationLandscapeLeft UIInterfaceOrientationLandscapeRight";
				LD_RUNPATH_SEARCH_PATHS = (
					"$(inherited)",
					"@executable_path/Frameworks",
				);
				MARKETING_VERSION = 1.0;
				PRODUCT_BUNDLE_IDENTIFIER = "roy2.C7-CoreData";
				PRODUCT_NAME = "$(TARGET_NAME)";
				SWIFT_EMIT_LOC_STRINGS = YES;
				SWIFT_VERSION = 5.0;
				TARGETED_DEVICE_FAMILY = "1,2";
			};
			name = Debug;
		};
		486345FE2806B366009846EF /* Release */ = {
			isa = XCBuildConfiguration;
			buildSettings = {
				ASSETCATALOG_COMPILER_APPICON_NAME = AppIcon;
				ASSETCATALOG_COMPILER_GLOBAL_ACCENT_COLOR_NAME = AccentColor;
				CODE_SIGN_STYLE = Automatic;
				CURRENT_PROJECT_VERSION = 1;
				DEVELOPMENT_TEAM = GS22S3LAT6;
				GENERATE_INFOPLIST_FILE = YES;
				INFOPLIST_FILE = C7_CoreData/Info.plist;
				INFOPLIST_KEY_UIApplicationSupportsIndirectInputEvents = YES;
				INFOPLIST_KEY_UILaunchStoryboardName = LaunchScreen;
				INFOPLIST_KEY_UIMainStoryboardFile = Main;
				INFOPLIST_KEY_UISupportedInterfaceOrientations_iPad = "UIInterfaceOrientationPortrait UIInterfaceOrientationPortraitUpsideDown UIInterfaceOrientationLandscapeLeft UIInterfaceOrientationLandscapeRight";
				INFOPLIST_KEY_UISupportedInterfaceOrientations_iPhone = "UIInterfaceOrientationPortrait UIInterfaceOrientationLandscapeLeft UIInterfaceOrientationLandscapeRight";
				LD_RUNPATH_SEARCH_PATHS = (
					"$(inherited)",
					"@executable_path/Frameworks",
				);
				MARKETING_VERSION = 1.0;
				PRODUCT_BUNDLE_IDENTIFIER = "roy2.C7-CoreData";
				PRODUCT_NAME = "$(TARGET_NAME)";
				SWIFT_EMIT_LOC_STRINGS = YES;
				SWIFT_VERSION = 5.0;
				TARGETED_DEVICE_FAMILY = "1,2";
			};
			name = Release;
		};
/* End XCBuildConfiguration section */

/* Begin XCConfigurationList section */
		486345E02806B364009846EF /* Build configuration list for PBXProject "C7_CoreData" */ = {
			isa = XCConfigurationList;
			buildConfigurations = (
				486345FA2806B366009846EF /* Debug */,
				486345FB2806B366009846EF /* Release */,
			);
			defaultConfigurationIsVisible = 0;
			defaultConfigurationName = Release;
		};
		486345FC2806B366009846EF /* Build configuration list for PBXNativeTarget "C7_CoreData" */ = {
			isa = XCConfigurationList;
			buildConfigurations = (
				486345FD2806B366009846EF /* Debug */,
				486345FE2806B366009846EF /* Release */,
			);
			defaultConfigurationIsVisible = 0;
			defaultConfigurationName = Release;
		};
/* End XCConfigurationList section */

/* Begin XCVersionGroup section */
		486345F12806B364009846EF /* C7_CoreData.xcdatamodeld */ = {
			isa = XCVersionGroup;
			children = (
				486345F22806B364009846EF /* C7_CoreData.xcdatamodel */,
			);
			currentVersion = 486345F22806B364009846EF /* C7_CoreData.xcdatamodel */;
			path = C7_CoreData.xcdatamodeld;
			sourceTree = "<group>";
			versionGroupType = wrapper.xcdatamodel;
		};
/* End XCVersionGroup section */
	};
	rootObject = 486345DD2806B364009846EF /* Project object */;
}
